{
  "name": "dsp-project",
  "lockfileVersion": 3,
  "requires": true,
  "packages": {
    "": {
      "devDependencies": {
        "@types/cytoscape-dagre": "^2.3.4"
      }
    },
    "node_modules/@types/cytoscape-dagre": {
      "version": "2.3.4",
      "resolved": "https://registry.npmjs.org/@types/cytoscape-dagre/-/cytoscape-dagre-2.3.4.tgz",
      "integrity": "sha512-uOGXuPfPLFoKZaegjHl9oj4tqONNJuhUl180FiJgRZ35rVijBs6J4UP1Ah6mA6S46h+7pv4ICqpgfdC3EADZlw==",
      "dev": true,
      "license": "MIT",
      "dependencies": {
        "cytoscape": "^3.31"
      }
    },
    "node_modules/cytoscape": {
      "version": "3.33.1",
      "resolved": "https://registry.npmjs.org/cytoscape/-/cytoscape-3.33.1.tgz",
      "integrity": "sha512-iJc4TwyANnOGR1OmWhsS9ayRS3s+XQ185FmuHObThD+5AeJCakAAbWv8KimMTt08xCCLNgneQwFp+JRJOr9qGQ==",
      "dev": true,
      "license": "MIT",
      "engines": {
        "node": ">=0.10"
      }
    }
  }
}
